
Microsoft Visual Studio Solution File, Format Version 12.00
# Visual Studio Version 16
VisualStudioVersion = 16.0.31025.194
MinimumVisualStudioVersion = 10.0.40219.1
Project("{9A19103F-16F7-4668-BE54-9A1E7A4F7556}") = "Wipro.WebApi.Api", "Wipro.WebApi.Api\Wipro.WebApi.Api.csproj", "{97EEDEC2-ABC1-4A36-B7AF-DFEC68374A2A}"
EndProject
Project("{2150E333-8FDC-42A3-9474-1A3956D46DE8}") = "0-Common", "0-Common", "{D9C621C9-B31A-45FD-B579-74A629F5E62C}"
EndProject
Project("{2150E333-8FDC-42A3-9474-1A3956D46DE8}") = "1-Services", "1-Services", "{2A89F28B-D319-4199-A02D-29EEC4C55F9E}"
EndProject
Project("{9A19103F-16F7-4668-BE54-9A1E7A4F7556}") = "Wipro.WebApi.DAL.Fila", "Wipro.WebApi.DAL.Fila\Wipro.WebApi.DAL.Fila.csproj", "{25B3A117-A3C4-4CC8-A8A4-E20596F60047}"
EndProject
Project("{9A19103F-16F7-4668-BE54-9A1E7A4F7556}") = "Wipro.WebApi.Model", "Wipro.WebApi.Model\Wipro.WebApi.Model.csproj", "{7FF8748E-12EB-4425-BC7C-D8EEAC71A312}"
EndProject
Project("{9A19103F-16F7-4668-BE54-9A1E7A4F7556}") = "Wipro.Cotacao", "Wipro.Cotacao\Wipro.Cotacao.csproj", "{A52B9EBB-373C-48A0-94F5-1AC9BB77AEAB}"
EndProject
Project("{FAE04EC0-301F-11D3-BF4B-00C04F79EFBC}") = "Wipro.DAL", "Wipro.DAL\Wipro.DAL.csproj", "{91ABEECA-4705-41D2-A965-C8F219ACD30E}"
EndProject
Global
	GlobalSection(SolutionConfigurationPlatforms) = preSolution
		Debug|Any CPU = Debug|Any CPU
		Release|Any CPU = Release|Any CPU
	EndGlobalSection
	GlobalSection(ProjectConfigurationPlatforms) = postSolution
		{97EEDEC2-ABC1-4A36-B7AF-DFEC68374A2A}.Debug|Any CPU.ActiveCfg = Debug|Any CPU
		{97EEDEC2-ABC1-4A36-B7AF-DFEC68374A2A}.Debug|Any CPU.Build.0 = Debug|Any CPU
		{97EEDEC2-ABC1-4A36-B7AF-DFEC68374A2A}.Release|Any CPU.ActiveCfg = Release|Any CPU
		{97EEDEC2-ABC1-4A36-B7AF-DFEC68374A2A}.Release|Any CPU.Build.0 = Release|Any CPU
		{25B3A117-A3C4-4CC8-A8A4-E20596F60047}.Debug|Any CPU.ActiveCfg = Debug|Any CPU
		{25B3A117-A3C4-4CC8-A8A4-E20596F60047}.Debug|Any CPU.Build.0 = Debug|Any CPU
		{25B3A117-A3C4-4CC8-A8A4-E20596F60047}.Release|Any CPU.ActiveCfg = Release|Any CPU
		{25B3A117-A3C4-4CC8-A8A4-E20596F60047}.Release|Any CPU.Build.0 = Release|Any CPU
		{7FF8748E-12EB-4425-BC7C-D8EEAC71A312}.Debug|Any CPU.ActiveCfg = Debug|Any CPU
		{7FF8748E-12EB-4425-BC7C-D8EEAC71A312}.Debug|Any CPU.Build.0 = Debug|Any CPU
		{7FF8748E-12EB-4425-BC7C-D8EEAC71A312}.Release|Any CPU.ActiveCfg = Release|Any CPU
		{7FF8748E-12EB-4425-BC7C-D8EEAC71A312}.Release|Any CPU.Build.0 = Release|Any CPU
		{A52B9EBB-373C-48A0-94F5-1AC9BB77AEAB}.Debug|Any CPU.ActiveCfg = Debug|Any CPU
		{A52B9EBB-373C-48A0-94F5-1AC9BB77AEAB}.Debug|Any CPU.Build.0 = Debug|Any CPU
		{A52B9EBB-373C-48A0-94F5-1AC9BB77AEAB}.Release|Any CPU.ActiveCfg = Release|Any CPU
		{A52B9EBB-373C-48A0-94F5-1AC9BB77AEAB}.Release|Any CPU.Build.0 = Release|Any CPU
		{91ABEECA-4705-41D2-A965-C8F219ACD30E}.Debug|Any CPU.ActiveCfg = Debug|Any CPU
		{91ABEECA-4705-41D2-A965-C8F219ACD30E}.Debug|Any CPU.Build.0 = Debug|Any CPU
		{91ABEECA-4705-41D2-A965-C8F219ACD30E}.Release|Any CPU.ActiveCfg = Release|Any CPU
		{91ABEECA-4705-41D2-A965-C8F219ACD30E}.Release|Any CPU.Build.0 = Release|Any CPU
	EndGlobalSection
	GlobalSection(SolutionProperties) = preSolution
		HideSolutionNode = FALSE
	EndGlobalSection
	GlobalSection(NestedProjects) = preSolution
		{97EEDEC2-ABC1-4A36-B7AF-DFEC68374A2A} = {2A89F28B-D319-4199-A02D-29EEC4C55F9E}
		{25B3A117-A3C4-4CC8-A8A4-E20596F60047} = {D9C621C9-B31A-45FD-B579-74A629F5E62C}
		{7FF8748E-12EB-4425-BC7C-D8EEAC71A312} = {D9C621C9-B31A-45FD-B579-74A629F5E62C}
		{A52B9EBB-373C-48A0-94F5-1AC9BB77AEAB} = {2A89F28B-D319-4199-A02D-29EEC4C55F9E}
		{91ABEECA-4705-41D2-A965-C8F219ACD30E} = {D9C621C9-B31A-45FD-B579-74A629F5E62C}
	EndGlobalSection
	GlobalSection(ExtensibilityGlobals) = postSolution
		SolutionGuid = {E88E7770-0B7C-498D-B06A-67A0D6A9F1EB}
	EndGlobalSection
EndGlobal
